
Microsoft Visual Studio Solution File, Format Version 12.00
# Visual Studio Version 17
VisualStudioVersion = 17.9.34622.214
MinimumVisualStudioVersion = 10.0.40219.1
Project("{FAE04EC0-301F-11D3-BF4B-00C04F79EFBC}") = "Provah1B1", "Provah1B1\Provah1B1.csproj", "{904196E5-565D-4219-96B1-3E8B8D9A11BB}"
EndProject
Global
	GlobalSection(SolutionConfigurationPlatforms) = preSolution
		Debug|Any CPU = Debug|Any CPU
		Release|Any CPU = Release|Any CPU
	EndGlobalSection
	GlobalSection(ProjectConfigurationPlatforms) = postSolution
		{904196E5-565D-4219-96B1-3E8B8D9A11BB}.Debug|Any CPU.ActiveCfg = Debug|Any CPU
		{904196E5-565D-4219-96B1-3E8B8D9A11BB}.Debug|Any CPU.Build.0 = Debug|Any CPU
		{904196E5-565D-4219-96B1-3E8B8D9A11BB}.Release|Any CPU.ActiveCfg = Release|Any CPU
		{904196E5-565D-4219-96B1-3E8B8D9A11BB}.Release|Any CPU.Build.0 = Release|Any CPU
	EndGlobalSection
	GlobalSection(SolutionProperties) = preSolution
		HideSolutionNode = FALSE
	EndGlobalSection
	GlobalSection(ExtensibilityGlobals) = postSolution
		SolutionGuid = {D6BCD9F3-7269-4DB4-92B7-41941E34DDEE}
	EndGlobalSection
EndGlobal
